
Microsoft Visual Studio Solution File, Format Version 12.00
# Visual Studio Version 16
VisualStudioVersion = 16.0.29613.14
MinimumVisualStudioVersion = 10.0.40219.1
Project("{FAE04EC0-301F-11D3-BF4B-00C04F79EFBC}") = "PizzaBox.Client", "PizzaBox.Client\PizzaBox.Client.csproj", "{02ABC618-A6CC-45F5-BAD6-D02F6BE1BA1B}"
EndProject
Project("{FAE04EC0-301F-11D3-BF4B-00C04F79EFBC}") = "PizzaBox.Domain", "PizzaBox.Domain\PizzaBox.Domain.csproj", "{02C90CBC-E951-43D8-AD33-54D3798D2063}"
EndProject
Project("{FAE04EC0-301F-11D3-BF4B-00C04F79EFBC}") = "PizzaBox.Storing", "PizzaBox.Storing\PizzaBox.Storing.csproj", "{CBE75DC6-F5AF-41D0-BF0D-C9C6E6179D90}"
EndProject
Project("{FAE04EC0-301F-11D3-BF4B-00C04F79EFBC}") = "PizzaBox.Testing", "PizzaBox.Testing\PizzaBox.Testing.csproj", "{E2A83DE0-5635-459C-A827-EEDB1644334D}"
EndProject
Global
	GlobalSection(SolutionConfigurationPlatforms) = preSolution
		Debug|Any CPU = Debug|Any CPU
		Release|Any CPU = Release|Any CPU
	EndGlobalSection
	GlobalSection(ProjectConfigurationPlatforms) = postSolution
		{02ABC618-A6CC-45F5-BAD6-D02F6BE1BA1B}.Debug|Any CPU.ActiveCfg = Debug|Any CPU
		{02ABC618-A6CC-45F5-BAD6-D02F6BE1BA1B}.Debug|Any CPU.Build.0 = Debug|Any CPU
		{02ABC618-A6CC-45F5-BAD6-D02F6BE1BA1B}.Release|Any CPU.ActiveCfg = Release|Any CPU
		{02ABC618-A6CC-45F5-BAD6-D02F6BE1BA1B}.Release|Any CPU.Build.0 = Release|Any CPU
		{02C90CBC-E951-43D8-AD33-54D3798D2063}.Debug|Any CPU.ActiveCfg = Debug|Any CPU
		{02C90CBC-E951-43D8-AD33-54D3798D2063}.Debug|Any CPU.Build.0 = Debug|Any CPU
		{02C90CBC-E951-43D8-AD33-54D3798D2063}.Release|Any CPU.ActiveCfg = Release|Any CPU
		{02C90CBC-E951-43D8-AD33-54D3798D2063}.Release|Any CPU.Build.0 = Release|Any CPU
		{CBE75DC6-F5AF-41D0-BF0D-C9C6E6179D90}.Debug|Any CPU.ActiveCfg = Debug|Any CPU
		{CBE75DC6-F5AF-41D0-BF0D-C9C6E6179D90}.Debug|Any CPU.Build.0 = Debug|Any CPU
		{CBE75DC6-F5AF-41D0-BF0D-C9C6E6179D90}.Release|Any CPU.ActiveCfg = Release|Any CPU
		{CBE75DC6-F5AF-41D0-BF0D-C9C6E6179D90}.Release|Any CPU.Build.0 = Release|Any CPU
		{E2A83DE0-5635-459C-A827-EEDB1644334D}.Debug|Any CPU.ActiveCfg = Debug|Any CPU
		{E2A83DE0-5635-459C-A827-EEDB1644334D}.Debug|Any CPU.Build.0 = Debug|Any CPU
		{E2A83DE0-5635-459C-A827-EEDB1644334D}.Release|Any CPU.ActiveCfg = Release|Any CPU
		{E2A83DE0-5635-459C-A827-EEDB1644334D}.Release|Any CPU.Build.0 = Release|Any CPU
	EndGlobalSection
	GlobalSection(SolutionProperties) = preSolution
		HideSolutionNode = FALSE
	EndGlobalSection
	GlobalSection(ExtensibilityGlobals) = postSolution
		SolutionGuid = {649C78E1-02DB-40A6-A220-9F4416209125}
	EndGlobalSection
EndGlobal
